
Microsoft Visual Studio Solution File, Format Version 12.00
# Visual Studio Version 17
VisualStudioVersion = 17.14.36221.1 d17.14
MinimumVisualStudioVersion = 10.0.40219.1
Project("{FAE04EC0-301F-11D3-BF4B-00C04F79EFBC}") = "WebApplication3", "WebApplication3\WebApplication3.csproj", "{824AA4A7-6C34-4B7F-AD63-89171923CE2B}"
EndProject
Global
	GlobalSection(SolutionConfigurationPlatforms) = preSolution
		Debug|Any CPU = Debug|Any CPU
		Release|Any CPU = Release|Any CPU
	EndGlobalSection
	GlobalSection(ProjectConfigurationPlatforms) = postSolution
		{824AA4A7-6C34-4B7F-AD63-89171923CE2B}.Debug|Any CPU.ActiveCfg = Debug|Any CPU
		{824AA4A7-6C34-4B7F-AD63-89171923CE2B}.Debug|Any CPU.Build.0 = Debug|Any CPU
		{824AA4A7-6C34-4B7F-AD63-89171923CE2B}.Release|Any CPU.ActiveCfg = Release|Any CPU
		{824AA4A7-6C34-4B7F-AD63-89171923CE2B}.Release|Any CPU.Build.0 = Release|Any CPU
	EndGlobalSection
	GlobalSection(SolutionProperties) = preSolution
		HideSolutionNode = FALSE
	EndGlobalSection
	GlobalSection(ExtensibilityGlobals) = postSolution
		SolutionGuid = {D7CB0395-47FC-42B3-B7CF-E00D903C8101}
	EndGlobalSection
EndGlobal
